
Microsoft Visual Studio Solution File, Format Version 12.00
# Visual Studio Version 16
VisualStudioVersion = 16.0.30204.135
MinimumVisualStudioVersion = 10.0.40219.1
Project("{FAE04EC0-301F-11D3-BF4B-00C04F79EFBC}") = "Nations", "Nations\Nations\Nations.csproj", "{719E6910-F64E-456C-B24F-F05DEF6DC9BE}"
EndProject
Project("{FAE04EC0-301F-11D3-BF4B-00C04F79EFBC}") = "Nations.Android", "Nations\Nations.Android\Nations.Android.csproj", "{12E1F847-1A63-44E8-BEAF-1F4CC9AB932C}"
EndProject
Project("{FAE04EC0-301F-11D3-BF4B-00C04F79EFBC}") = "Nations.iOS", "Nations\Nations.iOS\Nations.iOS.csproj", "{CEE31109-D954-4983-AEF7-F046EBE7C3B5}"
EndProject
Global
	GlobalSection(SolutionConfigurationPlatforms) = preSolution
		Ad-Hoc|Any CPU = Ad-Hoc|Any CPU
		Ad-Hoc|iPhone = Ad-Hoc|iPhone
		Ad-Hoc|iPhoneSimulator = Ad-Hoc|iPhoneSimulator
		AppStore|Any CPU = AppStore|Any CPU
		AppStore|iPhone = AppStore|iPhone
		AppStore|iPhoneSimulator = AppStore|iPhoneSimulator
		Debug|Any CPU = Debug|Any CPU
		Debug|iPhone = Debug|iPhone
		Debug|iPhoneSimulator = Debug|iPhoneSimulator
		Release|Any CPU = Release|Any CPU
		Release|iPhone = Release|iPhone
		Release|iPhoneSimulator = Release|iPhoneSimulator
	EndGlobalSection
	GlobalSection(ProjectConfigurationPlatforms) = postSolution
		{719E6910-F64E-456C-B24F-F05DEF6DC9BE}.Ad-Hoc|Any CPU.ActiveCfg = Debug|Any CPU
		{719E6910-F64E-456C-B24F-F05DEF6DC9BE}.Ad-Hoc|Any CPU.Build.0 = Debug|Any CPU
		{719E6910-F64E-456C-B24F-F05DEF6DC9BE}.Ad-Hoc|iPhone.ActiveCfg = Debug|Any CPU
		{719E6910-F64E-456C-B24F-F05DEF6DC9BE}.Ad-Hoc|iPhone.Build.0 = Debug|Any CPU
		{719E6910-F64E-456C-B24F-F05DEF6DC9BE}.Ad-Hoc|iPhoneSimulator.ActiveCfg = Debug|Any CPU
		{719E6910-F64E-456C-B24F-F05DEF6DC9BE}.Ad-Hoc|iPhoneSimulator.Build.0 = Debug|Any CPU
		{719E6910-F64E-456C-B24F-F05DEF6DC9BE}.AppStore|Any CPU.ActiveCfg = Debug|Any CPU
		{719E6910-F64E-456C-B24F-F05DEF6DC9BE}.AppStore|Any CPU.Build.0 = Debug|Any CPU
		{719E6910-F64E-456C-B24F-F05DEF6DC9BE}.AppStore|iPhone.ActiveCfg = Debug|Any CPU
		{719E6910-F64E-456C-B24F-F05DEF6DC9BE}.AppStore|iPhone.Build.0 = Debug|Any CPU
		{719E6910-F64E-456C-B24F-F05DEF6DC9BE}.AppStore|iPhoneSimulator.ActiveCfg = Debug|Any CPU
		{719E6910-F64E-456C-B24F-F05DEF6DC9BE}.AppStore|iPhoneSimulator.Build.0 = Debug|Any CPU
		{719E6910-F64E-456C-B24F-F05DEF6DC9BE}.Debug|Any CPU.ActiveCfg = Debug|Any CPU
		{719E6910-F64E-456C-B24F-F05DEF6DC9BE}.Debug|Any CPU.Build.0 = Debug|Any CPU
		{719E6910-F64E-456C-B24F-F05DEF6DC9BE}.Debug|iPhone.ActiveCfg = Debug|Any CPU
		{719E6910-F64E-456C-B24F-F05DEF6DC9BE}.Debug|iPhone.Build.0 = Debug|Any CPU
		{719E6910-F64E-456C-B24F-F05DEF6DC9BE}.Debug|iPhoneSimulator.ActiveCfg = Debug|Any CPU
		{719E6910-F64E-456C-B24F-F05DEF6DC9BE}.Debug|iPhoneSimulator.Build.0 = Debug|Any CPU
		{719E6910-F64E-456C-B24F-F05DEF6DC9BE}.Release|Any CPU.ActiveCfg = Release|Any CPU
		{719E6910-F64E-456C-B24F-F05DEF6DC9BE}.Release|Any CPU.Build.0 = Release|Any CPU
		{719E6910-F64E-456C-B24F-F05DEF6DC9BE}.Release|iPhone.ActiveCfg = Release|Any CPU
		{719E6910-F64E-456C-B24F-F05DEF6DC9BE}.Release|iPhone.Build.0 = Release|Any CPU
		{719E6910-F64E-456C-B24F-F05DEF6DC9BE}.Release|iPhoneSimulator.ActiveCfg = Release|Any CPU
		{719E6910-F64E-456C-B24F-F05DEF6DC9BE}.Release|iPhoneSimulator.Build.0 = Release|Any CPU
		{12E1F847-1A63-44E8-BEAF-1F4CC9AB932C}.Ad-Hoc|Any CPU.ActiveCfg = Release|Any CPU
		{12E1F847-1A63-44E8-BEAF-1F4CC9AB932C}.Ad-Hoc|Any CPU.Build.0 = Release|Any CPU
		{12E1F847-1A63-44E8-BEAF-1F4CC9AB932C}.Ad-Hoc|Any CPU.Deploy.0 = Release|Any CPU
		{12E1F847-1A63-44E8-BEAF-1F4CC9AB932C}.Ad-Hoc|iPhone.ActiveCfg = Release|Any CPU
		{12E1F847-1A63-44E8-BEAF-1F4CC9AB932C}.Ad-Hoc|iPhone.Build.0 = Release|Any CPU
		{12E1F847-1A63-44E8-BEAF-1F4CC9AB932C}.Ad-Hoc|iPhone.Deploy.0 = Release|Any CPU
		{12E1F847-1A63-44E8-BEAF-1F4CC9AB932C}.Ad-Hoc|iPhoneSimulator.ActiveCfg = Release|Any CPU
		{12E1F847-1A63-44E8-BEAF-1F4CC9AB932C}.Ad-Hoc|iPhoneSimulator.Build.0 = Release|Any CPU
		{12E1F847-1A63-44E8-BEAF-1F4CC9AB932C}.Ad-Hoc|iPhoneSimulator.Deploy.0 = Release|Any CPU
		{12E1F847-1A63-44E8-BEAF-1F4CC9AB932C}.AppStore|Any CPU.ActiveCfg = Release|Any CPU
		{12E1F847-1A63-44E8-BEAF-1F4CC9AB932C}.AppStore|Any CPU.Build.0 = Release|Any CPU
		{12E1F847-1A63-44E8-BEAF-1F4CC9AB932C}.AppStore|Any CPU.Deploy.0 = Release|Any CPU
		{12E1F847-1A63-44E8-BEAF-1F4CC9AB932C}.AppStore|iPhone.ActiveCfg = Release|Any CPU
		{12E1F847-1A63-44E8-BEAF-1F4CC9AB932C}.AppStore|iPhone.Build.0 = Release|Any CPU
		{12E1F847-1A63-44E8-BEAF-1F4CC9AB932C}.AppStore|iPhone.Deploy.0 = Release|Any CPU
		{12E1F847-1A63-44E8-BEAF-1F4CC9AB932C}.AppStore|iPhoneSimulator.ActiveCfg = Release|Any CPU
		{12E1F847-1A63-44E8-BEAF-1F4CC9AB932C}.AppStore|iPhoneSimulator.Build.0 = Release|Any CPU
		{12E1F847-1A63-44E8-BEAF-1F4CC9AB932C}.AppStore|iPhoneSimulator.Deploy.0 = Release|Any CPU
		{12E1F847-1A63-44E8-BEAF-1F4CC9AB932C}.Debug|Any CPU.ActiveCfg = Debug|Any CPU
		{12E1F847-1A63-44E8-BEAF-1F4CC9AB932C}.Debug|Any CPU.Build.0 = Debug|Any CPU
		{12E1F847-1A63-44E8-BEAF-1F4CC9AB932C}.Debug|Any CPU.Deploy.0 = Debug|Any CPU
		{12E1F847-1A63-44E8-BEAF-1F4CC9AB932C}.Debug|iPhone.ActiveCfg = Debug|Any CPU
		{12E1F847-1A63-44E8-BEAF-1F4CC9AB932C}.Debug|iPhone.Build.0 = Debug|Any CPU
		{12E1F847-1A63-44E8-BEAF-1F4CC9AB932C}.Debug|iPhone.Deploy.0 = Debug|Any CPU
		{12E1F847-1A63-44E8-BEAF-1F4CC9AB932C}.Debug|iPhoneSimulator.ActiveCfg = Debug|Any CPU
		{12E1F847-1A63-44E8-BEAF-1F4CC9AB932C}.Debug|iPhoneSimulator.Build.0 = Debug|Any CPU
		{12E1F847-1A63-44E8-BEAF-1F4CC9AB932C}.Debug|iPhoneSimulator.Deploy.0 = Debug|Any CPU
		{12E1F847-1A63-44E8-BEAF-1F4CC9AB932C}.Release|Any CPU.ActiveCfg = Release|Any CPU
		{12E1F847-1A63-44E8-BEAF-1F4CC9AB932C}.Release|Any CPU.Build.0 = Release|Any CPU
		{12E1F847-1A63-44E8-BEAF-1F4CC9AB932C}.Release|Any CPU.Deploy.0 = Release|Any CPU
		{12E1F847-1A63-44E8-BEAF-1F4CC9AB932C}.Release|iPhone.ActiveCfg = Release|Any CPU
		{12E1F847-1A63-44E8-BEAF-1F4CC9AB932C}.Release|iPhone.Build.0 = Release|Any CPU
		{12E1F847-1A63-44E8-BEAF-1F4CC9AB932C}.Release|iPhone.Deploy.0 = Release|Any CPU
		{12E1F847-1A63-44E8-BEAF-1F4CC9AB932C}.Release|iPhoneSimulator.ActiveCfg = Release|Any CPU
		{12E1F847-1A63-44E8-BEAF-1F4CC9AB932C}.Release|iPhoneSimulator.Build.0 = Release|Any CPU
		{12E1F847-1A63-44E8-BEAF-1F4CC9AB932C}.Release|iPhoneSimulator.Deploy.0 = Release|Any CPU
		{CEE31109-D954-4983-AEF7-F046EBE7C3B5}.Ad-Hoc|Any CPU.ActiveCfg = Ad-Hoc|iPhone
		{CEE31109-D954-4983-AEF7-F046EBE7C3B5}.Ad-Hoc|iPhone.ActiveCfg = Ad-Hoc|iPhone
		{CEE31109-D954-4983-AEF7-F046EBE7C3B5}.Ad-Hoc|iPhone.Build.0 = Ad-Hoc|iPhone
		{CEE31109-D954-4983-AEF7-F046EBE7C3B5}.Ad-Hoc|iPhoneSimulator.ActiveCfg = Ad-Hoc|iPhoneSimulator
		{CEE31109-D954-4983-AEF7-F046EBE7C3B5}.Ad-Hoc|iPhoneSimulator.Build.0 = Ad-Hoc|iPhoneSimulator
		{CEE31109-D954-4983-AEF7-F046EBE7C3B5}.AppStore|Any CPU.ActiveCfg = AppStore|iPhone
		{CEE31109-D954-4983-AEF7-F046EBE7C3B5}.AppStore|iPhone.ActiveCfg = AppStore|iPhone
		{CEE31109-D954-4983-AEF7-F046EBE7C3B5}.AppStore|iPhone.Build.0 = AppStore|iPhone
		{CEE31109-D954-4983-AEF7-F046EBE7C3B5}.AppStore|iPhoneSimulator.ActiveCfg = AppStore|iPhoneSimulator
		{CEE31109-D954-4983-AEF7-F046EBE7C3B5}.AppStore|iPhoneSimulator.Build.0 = AppStore|iPhoneSimulator
		{CEE31109-D954-4983-AEF7-F046EBE7C3B5}.Debug|Any CPU.ActiveCfg = Debug|iPhone
		{CEE31109-D954-4983-AEF7-F046EBE7C3B5}.Debug|iPhone.ActiveCfg = Debug|iPhone
		{CEE31109-D954-4983-AEF7-F046EBE7C3B5}.Debug|iPhone.Build.0 = Debug|iPhone
		{CEE31109-D954-4983-AEF7-F046EBE7C3B5}.Debug|iPhoneSimulator.ActiveCfg = Debug|iPhoneSimulator
		{CEE31109-D954-4983-AEF7-F046EBE7C3B5}.Debug|iPhoneSimulator.Build.0 = Debug|iPhoneSimulator
		{CEE31109-D954-4983-AEF7-F046EBE7C3B5}.Release|Any CPU.ActiveCfg = Release|iPhone
		{CEE31109-D954-4983-AEF7-F046EBE7C3B5}.Release|iPhone.ActiveCfg = Release|iPhone
		{CEE31109-D954-4983-AEF7-F046EBE7C3B5}.Release|iPhone.Build.0 = Release|iPhone
		{CEE31109-D954-4983-AEF7-F046EBE7C3B5}.Release|iPhoneSimulator.ActiveCfg = Release|iPhoneSimulator
		{CEE31109-D954-4983-AEF7-F046EBE7C3B5}.Release|iPhoneSimulator.Build.0 = Release|iPhoneSimulator
	EndGlobalSection
	GlobalSection(SolutionProperties) = preSolution
		HideSolutionNode = FALSE
	EndGlobalSection
	GlobalSection(ExtensibilityGlobals) = postSolution
		SolutionGuid = {617DC0A1-8C5D-45FD-BDD5-E4E871DA64D9}
	EndGlobalSection
EndGlobal
